
PODS:
- AFNetworking (1.1.0)
- Kiwi (1.1.1)
- MagicalRecord (2.0.8)
- RestKit (0.20.0pre6):
  - RestKit/Core (= 0.20.0pre6)
- RestKit/Core (0.20.0pre6):
  - RestKit/CoreData
  - RestKit/Network
  - RestKit/ObjectMapping
- RestKit/CoreData (0.20.0pre6)
- RestKit/Network (0.20.0pre6):
  - AFNetworking (= 1.1.0)
  - RestKit/ObjectMapping
  - RestKit/Support
  - SOCKit
- RestKit/ObjectMapping (0.20.0pre6)
- RestKit/Support (0.20.0pre6)
- RestKit/Testing (0.20.0pre6)
- SOCKit (1.1)

DEPENDENCIES:
- Kiwi
- MagicalRecord (= 2.0.8)
- RestKit (~> 0.20.0pre)
- RestKit/Testing (~> 0.20.0pre)

SPEC CHECKSUMS:
  AFNetworking: 761a418233d280c1e0580bcb76ff9cb4c3073d17
  MagicalRecord: daa15d6c83bd7d30e074c8923e53c64248ae6930
  RestKit: ccca19640fcc3031f82ad4250c44061e2e2ddce7
  RestKit/Core: ccca19640fcc3031f82ad4250c44061e2e2ddce7
  RestKit/CoreData: ccca19640fcc3031f82ad4250c44061e2e2ddce7
  RestKit/Network: ccca19640fcc3031f82ad4250c44061e2e2ddce7
  RestKit/ObjectMapping: ccca19640fcc3031f82ad4250c44061e2e2ddce7
  RestKit/Support: ccca19640fcc3031f82ad4250c44061e2e2ddce7
  SOCKit: 179515c1a621dd5652a60e9be02ea4adcd25bc9b
  Kiwi: 06407ae4d33a33310aed1202113d002eda1d56eb
  RestKit/Testing: ccca19640fcc3031f82ad4250c44061e2e2ddce7

COCOAPODS: 0.16.0
